
Microsoft Visual Studio Solution File, Format Version 12.00
# Visual Studio 15
VisualStudioVersion = 15.0.27004.2010
MinimumVisualStudioVersion = 10.0.40219.1
Project("{FAE04EC0-301F-11D3-BF4B-00C04F79EFBC}") = "AdventOfCode2017", "AdventForCode2017\AdventOfCode2017.csproj", "{B79F975E-5607-4211-BB8B-5EDAE38E309B}"
EndProject
Project("{FAE04EC0-301F-11D3-BF4B-00C04F79EFBC}") = "AdventOfCode2015", "AdventForCode2015\AdventOfCode2015.csproj", "{2C1ACD96-C853-4F63-AE6C-9BAEBDFAA352}"
EndProject
Project("{FAE04EC0-301F-11D3-BF4B-00C04F79EFBC}") = "AdventOfCode2016", "AdventForCode2016\AdventOfCode2016.csproj", "{01167050-8E0B-416B-BE82-5BDFBC2A5DE9}"
EndProject
Project("{FAE04EC0-301F-11D3-BF4B-00C04F79EFBC}") = "AdventOfCode2018", "AdventOfCode2018\AdventOfCode2018.csproj", "{3FC429EA-C4A0-435B-8FF3-FA94866DAEA3}"
EndProject
Global
	GlobalSection(SolutionConfigurationPlatforms) = preSolution
		Debug|Any CPU = Debug|Any CPU
		Release|Any CPU = Release|Any CPU
	EndGlobalSection
	GlobalSection(ProjectConfigurationPlatforms) = postSolution
		{B79F975E-5607-4211-BB8B-5EDAE38E309B}.Debug|Any CPU.ActiveCfg = Debug|Any CPU
		{B79F975E-5607-4211-BB8B-5EDAE38E309B}.Debug|Any CPU.Build.0 = Debug|Any CPU
		{B79F975E-5607-4211-BB8B-5EDAE38E309B}.Release|Any CPU.ActiveCfg = Release|Any CPU
		{B79F975E-5607-4211-BB8B-5EDAE38E309B}.Release|Any CPU.Build.0 = Release|Any CPU
		{2C1ACD96-C853-4F63-AE6C-9BAEBDFAA352}.Debug|Any CPU.ActiveCfg = Debug|Any CPU
		{2C1ACD96-C853-4F63-AE6C-9BAEBDFAA352}.Debug|Any CPU.Build.0 = Debug|Any CPU
		{2C1ACD96-C853-4F63-AE6C-9BAEBDFAA352}.Release|Any CPU.ActiveCfg = Release|Any CPU
		{2C1ACD96-C853-4F63-AE6C-9BAEBDFAA352}.Release|Any CPU.Build.0 = Release|Any CPU
		{01167050-8E0B-416B-BE82-5BDFBC2A5DE9}.Debug|Any CPU.ActiveCfg = Debug|Any CPU
		{01167050-8E0B-416B-BE82-5BDFBC2A5DE9}.Debug|Any CPU.Build.0 = Debug|Any CPU
		{01167050-8E0B-416B-BE82-5BDFBC2A5DE9}.Release|Any CPU.ActiveCfg = Release|Any CPU
		{01167050-8E0B-416B-BE82-5BDFBC2A5DE9}.Release|Any CPU.Build.0 = Release|Any CPU
		{3FC429EA-C4A0-435B-8FF3-FA94866DAEA3}.Debug|Any CPU.ActiveCfg = Debug|Any CPU
		{3FC429EA-C4A0-435B-8FF3-FA94866DAEA3}.Debug|Any CPU.Build.0 = Debug|Any CPU
		{3FC429EA-C4A0-435B-8FF3-FA94866DAEA3}.Release|Any CPU.ActiveCfg = Release|Any CPU
		{3FC429EA-C4A0-435B-8FF3-FA94866DAEA3}.Release|Any CPU.Build.0 = Release|Any CPU
	EndGlobalSection
	GlobalSection(SolutionProperties) = preSolution
		HideSolutionNode = FALSE
	EndGlobalSection
	GlobalSection(ExtensibilityGlobals) = postSolution
		SolutionGuid = {5511F1E2-E71E-4792-8653-479FBC301AC8}
	EndGlobalSection
EndGlobal
